// !$*UTF8*$!
{
	archiveVersion = 1;
	classes = {
	};
	objectVersion = 46;
	objects = {

/* Begin PBXBuildFile section */
		84DAF8B11E5AEDF40023ADBF /* FirstNameTVC.swift in Sources */ = {isa = PBXBuildFile; fileRef = 84DAF8AF1E5AEDF40023ADBF /* FirstNameTVC.swift */; };
		84DAF8B21E5AEDF40023ADBF /* FirstNameTVC.xib in Resources */ = {isa = PBXBuildFile; fileRef = 84DAF8B01E5AEDF40023ADBF /* FirstNameTVC.xib */; };
		84DAF8B41E5AEDFB0023ADBF /* ViewController.swift in Sources */ = {isa = PBXBuildFile; fileRef = 84DAF8B31E5AEDFB0023ADBF /* ViewController.swift */; };
		84DAF8B81E5AEFD90023ADBF /* LastNameTVC.swift in Sources */ = {isa = PBXBuildFile; fileRef = 84DAF8B61E5AEFD90023ADBF /* LastNameTVC.swift */; };
		84DAF8B91E5AEFD90023ADBF /* LastNameTVC.xib in Resources */ = {isa = PBXBuildFile; fileRef = 84DAF8B71E5AEFD90023ADBF /* LastNameTVC.xib */; };
		84DAF8BC1E5AF04E0023ADBF /* PatronymicTVC.swift in Sources */ = {isa = PBXBuildFile; fileRef = 84DAF8BA1E5AF04E0023ADBF /* PatronymicTVC.swift */; };
		84DAF8BD1E5AF04E0023ADBF /* PatronymicTVC.xib in Resources */ = {isa = PBXBuildFile; fileRef = 84DAF8BB1E5AF04E0023ADBF /* PatronymicTVC.xib */; };
		84DAF8C01E5AF1020023ADBF /* BirthdayTVC.swift in Sources */ = {isa = PBXBuildFile; fileRef = 84DAF8BE1E5AF1020023ADBF /* BirthdayTVC.swift */; };
		84DAF8C11E5AF1020023ADBF /* BirthdayTVC.xib in Resources */ = {isa = PBXBuildFile; fileRef = 84DAF8BF1E5AF1020023ADBF /* BirthdayTVC.xib */; };
		84DAF8C41E5AF1B50023ADBF /* GenderTVC.swift in Sources */ = {isa = PBXBuildFile; fileRef = 84DAF8C21E5AF1B50023ADBF /* GenderTVC.swift */; };
		84DAF8C51E5AF1B50023ADBF /* GenderTVC.xib in Resources */ = {isa = PBXBuildFile; fileRef = 84DAF8C31E5AF1B50023ADBF /* GenderTVC.xib */; };
		84DAF8C71E5AF98A0023ADBF /* Constants.swift in Sources */ = {isa = PBXBuildFile; fileRef = 84DAF8C61E5AF98A0023ADBF /* Constants.swift */; };
		84DAF8CD1E5B0BD80023ADBF /* EditViewController.swift in Sources */ = {isa = PBXBuildFile; fileRef = 84DAF8CC1E5B0BD80023ADBF /* EditViewController.swift */; };
		84DAF8CF1E5B0C1C0023ADBF /* ViewControllerProtocol.swift in Sources */ = {isa = PBXBuildFile; fileRef = 84DAF8CE1E5B0C1C0023ADBF /* ViewControllerProtocol.swift */; };
		84EA715D1E58C96900ED63A7 /* AppDelegate.swift in Sources */ = {isa = PBXBuildFile; fileRef = 84EA715C1E58C96900ED63A7 /* AppDelegate.swift */; };
		84EA71621E58C96900ED63A7 /* Main.storyboard in Resources */ = {isa = PBXBuildFile; fileRef = 84EA71601E58C96900ED63A7 /* Main.storyboard */; };
		84EA71641E58C96900ED63A7 /* Assets.xcassets in Resources */ = {isa = PBXBuildFile; fileRef = 84EA71631E58C96900ED63A7 /* Assets.xcassets */; };
		84EA71671E58C96900ED63A7 /* LaunchScreen.storyboard in Resources */ = {isa = PBXBuildFile; fileRef = 84EA71651E58C96900ED63A7 /* LaunchScreen.storyboard */; };
		B7F5F42F1F8D5D2176B60A3C /* Pods_Database.framework in Frameworks */ = {isa = PBXBuildFile; fileRef = 1163FAF6D839FFEE4FC82C66 /* Pods_Database.framework */; };
/* End PBXBuildFile section */

/* Begin PBXFileReference section */
		0834F3E75E160664CC9FCAB2 /* Pods-Database.release.xcconfig */ = {isa = PBXFileReference; includeInIndex = 1; lastKnownFileType = text.xcconfig; name = "Pods-Database.release.xcconfig"; path = "Pods/Target Support Files/Pods-Database/Pods-Database.release.xcconfig"; sourceTree = "<group>"; };
		1163FAF6D839FFEE4FC82C66 /* Pods_Database.framework */ = {isa = PBXFileReference; explicitFileType = wrapper.framework; includeInIndex = 0; path = Pods_Database.framework; sourceTree = BUILT_PRODUCTS_DIR; };
		5A743A217325EBC0CDA20881 /* Pods-Database.debug.xcconfig */ = {isa = PBXFileReference; includeInIndex = 1; lastKnownFileType = text.xcconfig; name = "Pods-Database.debug.xcconfig"; path = "Pods/Target Support Files/Pods-Database/Pods-Database.debug.xcconfig"; sourceTree = "<group>"; };
		84DAF8AF1E5AEDF40023ADBF /* FirstNameTVC.swift */ = {isa = PBXFileReference; fileEncoding = 4; lastKnownFileType = sourcecode.swift; name = FirstNameTVC.swift; path = ViewController/Cell/FirstNameTVC.swift; sourceTree = "<group>"; };
		84DAF8B01E5AEDF40023ADBF /* FirstNameTVC.xib */ = {isa = PBXFileReference; fileEncoding = 4; lastKnownFileType = file.xib; name = FirstNameTVC.xib; path = ViewController/Cell/FirstNameTVC.xib; sourceTree = "<group>"; };
		84DAF8B31E5AEDFB0023ADBF /* ViewController.swift */ = {isa = PBXFileReference; fileEncoding = 4; lastKnownFileType = sourcecode.swift; name = ViewController.swift; path = ViewController/ViewController.swift; sourceTree = "<group>"; };
		84DAF8B61E5AEFD90023ADBF /* LastNameTVC.swift */ = {isa = PBXFileReference; fileEncoding = 4; lastKnownFileType = sourcecode.swift; name = LastNameTVC.swift; path = ViewController/Cell/LastNameTVC.swift; sourceTree = "<group>"; };
		84DAF8B71E5AEFD90023ADBF /* LastNameTVC.xib */ = {isa = PBXFileReference; fileEncoding = 4; lastKnownFileType = file.xib; name = LastNameTVC.xib; path = ViewController/Cell/LastNameTVC.xib; sourceTree = "<group>"; };
		84DAF8BA1E5AF04E0023ADBF /* PatronymicTVC.swift */ = {isa = PBXFileReference; fileEncoding = 4; lastKnownFileType = sourcecode.swift; name = PatronymicTVC.swift; path = ViewController/Cell/PatronymicTVC.swift; sourceTree = "<group>"; };
		84DAF8BB1E5AF04E0023ADBF /* PatronymicTVC.xib */ = {isa = PBXFileReference; fileEncoding = 4; lastKnownFileType = file.xib; name = PatronymicTVC.xib; path = ViewController/Cell/PatronymicTVC.xib; sourceTree = "<group>"; };
		84DAF8BE1E5AF1020023ADBF /* BirthdayTVC.swift */ = {isa = PBXFileReference; fileEncoding = 4; lastKnownFileType = sourcecode.swift; name = BirthdayTVC.swift; path = ViewController/Cell/BirthdayTVC.swift; sourceTree = "<group>"; };
		84DAF8BF1E5AF1020023ADBF /* BirthdayTVC.xib */ = {isa = PBXFileReference; fileEncoding = 4; lastKnownFileType = file.xib; name = BirthdayTVC.xib; path = ViewController/Cell/BirthdayTVC.xib; sourceTree = "<group>"; };
		84DAF8C21E5AF1B50023ADBF /* GenderTVC.swift */ = {isa = PBXFileReference; fileEncoding = 4; lastKnownFileType = sourcecode.swift; name = GenderTVC.swift; path = ViewController/Cell/GenderTVC.swift; sourceTree = "<group>"; };
		84DAF8C31E5AF1B50023ADBF /* GenderTVC.xib */ = {isa = PBXFileReference; fileEncoding = 4; lastKnownFileType = file.xib; name = GenderTVC.xib; path = ViewController/Cell/GenderTVC.xib; sourceTree = "<group>"; };
		84DAF8C61E5AF98A0023ADBF /* Constants.swift */ = {isa = PBXFileReference; fileEncoding = 4; lastKnownFileType = sourcecode.swift; name = Constants.swift; path = Common/Constants.swift; sourceTree = "<group>"; };
		84DAF8CC1E5B0BD80023ADBF /* EditViewController.swift */ = {isa = PBXFileReference; fileEncoding = 4; lastKnownFileType = sourcecode.swift; name = EditViewController.swift; path = EditViewCotroller/EditViewController.swift; sourceTree = "<group>"; };
		84DAF8CE1E5B0C1C0023ADBF /* ViewControllerProtocol.swift */ = {isa = PBXFileReference; fileEncoding = 4; lastKnownFileType = sourcecode.swift; name = ViewControllerProtocol.swift; path = Common/ViewControllerProtocol.swift; sourceTree = "<group>"; };
		84EA71591E58C96900ED63A7 /* Database.app */ = {isa = PBXFileReference; explicitFileType = wrapper.application; includeInIndex = 0; path = Database.app; sourceTree = BUILT_PRODUCTS_DIR; };
		84EA715C1E58C96900ED63A7 /* AppDelegate.swift */ = {isa = PBXFileReference; lastKnownFileType = sourcecode.swift; path = AppDelegate.swift; sourceTree = "<group>"; };
		84EA71611E58C96900ED63A7 /* Base */ = {isa = PBXFileReference; lastKnownFileType = file.storyboard; name = Base; path = Base.lproj/Main.storyboard; sourceTree = "<group>"; };
		84EA71631E58C96900ED63A7 /* Assets.xcassets */ = {isa = PBXFileReference; lastKnownFileType = folder.assetcatalog; path = Assets.xcassets; sourceTree = "<group>"; };
		84EA71661E58C96900ED63A7 /* Base */ = {isa = PBXFileReference; lastKnownFileType = file.storyboard; name = Base; path = Base.lproj/LaunchScreen.storyboard; sourceTree = "<group>"; };
		84EA71681E58C96900ED63A7 /* Info.plist */ = {isa = PBXFileReference; lastKnownFileType = text.plist.xml; path = Info.plist; sourceTree = "<group>"; };
/* End PBXFileReference section */

/* Begin PBXFrameworksBuildPhase section */
		84EA71561E58C96900ED63A7 /* Frameworks */ = {
			isa = PBXFrameworksBuildPhase;
			buildActionMask = 2147483647;
			files = (
				B7F5F42F1F8D5D2176B60A3C /* Pods_Database.framework in Frameworks */,
			);
			runOnlyForDeploymentPostprocessing = 0;
		};
/* End PBXFrameworksBuildPhase section */

/* Begin PBXGroup section */
		50E48BD623CBD390EF6F3A56 /* Frameworks */ = {
			isa = PBXGroup;
			children = (
				1163FAF6D839FFEE4FC82C66 /* Pods_Database.framework */,
			);
			name = Frameworks;
			sourceTree = "<group>";
		};
		73851C866C9911F52762343E /* Pods */ = {
			isa = PBXGroup;
			children = (
				5A743A217325EBC0CDA20881 /* Pods-Database.debug.xcconfig */,
				0834F3E75E160664CC9FCAB2 /* Pods-Database.release.xcconfig */,
			);
			name = Pods;
			sourceTree = "<group>";
		};
		84DAF8AA1E5AECF70023ADBF /* ViewCotroller */ = {
			isa = PBXGroup;
			children = (
				84DAF8B31E5AEDFB0023ADBF /* ViewController.swift */,
			);
			name = ViewCotroller;
			sourceTree = "<group>";
		};
		84DAF8B51E5AEE0B0023ADBF /* Cell */ = {
			isa = PBXGroup;
			children = (
				84DAF8AF1E5AEDF40023ADBF /* FirstNameTVC.swift */,
				84DAF8B01E5AEDF40023ADBF /* FirstNameTVC.xib */,
				84DAF8B61E5AEFD90023ADBF /* LastNameTVC.swift */,
				84DAF8B71E5AEFD90023ADBF /* LastNameTVC.xib */,
				84DAF8BA1E5AF04E0023ADBF /* PatronymicTVC.swift */,
				84DAF8BB1E5AF04E0023ADBF /* PatronymicTVC.xib */,
				84DAF8BE1E5AF1020023ADBF /* BirthdayTVC.swift */,
				84DAF8BF1E5AF1020023ADBF /* BirthdayTVC.xib */,
				84DAF8C21E5AF1B50023ADBF /* GenderTVC.swift */,
				84DAF8C31E5AF1B50023ADBF /* GenderTVC.xib */,
			);
			name = Cell;
			sourceTree = "<group>";
		};
		84DAF8C81E5AF9920023ADBF /* Common */ = {
			isa = PBXGroup;
			children = (
				84DAF8C61E5AF98A0023ADBF /* Constants.swift */,
				84DAF8CE1E5B0C1C0023ADBF /* ViewControllerProtocol.swift */,
			);
			name = Common;
			sourceTree = "<group>";
		};
		84DAF8CB1E5B0B2A0023ADBF /* EditViewCotroller */ = {
			isa = PBXGroup;
			children = (
				84DAF8CC1E5B0BD80023ADBF /* EditViewController.swift */,
			);
			name = EditViewCotroller;
			sourceTree = "<group>";
		};
		84EA71501E58C96900ED63A7 = {
			isa = PBXGroup;
			children = (
				84EA715B1E58C96900ED63A7 /* Database */,
				84EA715A1E58C96900ED63A7 /* Products */,
				73851C866C9911F52762343E /* Pods */,
				50E48BD623CBD390EF6F3A56 /* Frameworks */,
			);
			sourceTree = "<group>";
		};
		84EA715A1E58C96900ED63A7 /* Products */ = {
			isa = PBXGroup;
			children = (
				84EA71591E58C96900ED63A7 /* Database.app */,
			);
			name = Products;
			sourceTree = "<group>";
		};
		84EA715B1E58C96900ED63A7 /* Database */ = {
			isa = PBXGroup;
			children = (
				84EA715C1E58C96900ED63A7 /* AppDelegate.swift */,
				84DAF8B51E5AEE0B0023ADBF /* Cell */,
				84DAF8CB1E5B0B2A0023ADBF /* EditViewCotroller */,
				84DAF8AA1E5AECF70023ADBF /* ViewCotroller */,
				84DAF8C81E5AF9920023ADBF /* Common */,
				84EA71601E58C96900ED63A7 /* Main.storyboard */,
				84EA71631E58C96900ED63A7 /* Assets.xcassets */,
				84EA71651E58C96900ED63A7 /* LaunchScreen.storyboard */,
				84EA71681E58C96900ED63A7 /* Info.plist */,
			);
			path = Database;
			sourceTree = "<group>";
		};
/* End PBXGroup section */

/* Begin PBXNativeTarget section */
		84EA71581E58C96900ED63A7 /* Database */ = {
			isa = PBXNativeTarget;
			buildConfigurationList = 84EA716B1E58C96900ED63A7 /* Build configuration list for PBXNativeTarget "Database" */;
			buildPhases = (
				1D73AB0E212646CC2A108B8C /* [CP] Check Pods Manifest.lock */,
				84EA71551E58C96900ED63A7 /* Sources */,
				84EA71561E58C96900ED63A7 /* Frameworks */,
				84EA71571E58C96900ED63A7 /* Resources */,
				8FEA5E96A022AE5B451B9FF9 /* [CP] Embed Pods Frameworks */,
				31BAF69DCF668189E9326A6F /* [CP] Copy Pods Resources */,
			);
			buildRules = (
			);
			dependencies = (
			);
			name = Database;
			productName = Database;
			productReference = 84EA71591E58C96900ED63A7 /* Database.app */;
			productType = "com.apple.product-type.application";
		};
/* End PBXNativeTarget section */

/* Begin PBXProject section */
		84EA71511E58C96900ED63A7 /* Project object */ = {
			isa = PBXProject;
			attributes = {
				LastSwiftUpdateCheck = 0820;
				LastUpgradeCheck = 0820;
				ORGANIZATIONNAME = "Pavel Samsonov";
				TargetAttributes = {
					84EA71581E58C96900ED63A7 = {
						CreatedOnToolsVersion = 8.2.1;
						DevelopmentTeam = R587H6JBHE;
						ProvisioningStyle = Automatic;
					};
				};
			};
			buildConfigurationList = 84EA71541E58C96900ED63A7 /* Build configuration list for PBXProject "Database" */;
			compatibilityVersion = "Xcode 3.2";
			developmentRegion = English;
			hasScannedForEncodings = 0;
			knownRegions = (
				en,
				Base,
			);
			mainGroup = 84EA71501E58C96900ED63A7;
			productRefGroup = 84EA715A1E58C96900ED63A7 /* Products */;
			projectDirPath = "";
			projectRoot = "";
			targets = (
				84EA71581E58C96900ED63A7 /* Database */,
			);
		};
/* End PBXProject section */

/* Begin PBXResourcesBuildPhase section */
		84EA71571E58C96900ED63A7 /* Resources */ = {
			isa = PBXResourcesBuildPhase;
			buildActionMask = 2147483647;
			files = (
				84DAF8C51E5AF1B50023ADBF /* GenderTVC.xib in Resources */,
				84DAF8B91E5AEFD90023ADBF /* LastNameTVC.xib in Resources */,
				84DAF8BD1E5AF04E0023ADBF /* PatronymicTVC.xib in Resources */,
				84EA71671E58C96900ED63A7 /* LaunchScreen.storyboard in Resources */,
				84EA71641E58C96900ED63A7 /* Assets.xcassets in Resources */,
				84EA71621E58C96900ED63A7 /* Main.storyboard in Resources */,
				84DAF8C11E5AF1020023ADBF /* BirthdayTVC.xib in Resources */,
				84DAF8B21E5AEDF40023ADBF /* FirstNameTVC.xib in Resources */,
			);
			runOnlyForDeploymentPostprocessing = 0;
		};
/* End PBXResourcesBuildPhase section */

/* Begin PBXShellScriptBuildPhase section */
		1D73AB0E212646CC2A108B8C /* [CP] Check Pods Manifest.lock */ = {
			isa = PBXShellScriptBuildPhase;
			buildActionMask = 2147483647;
			files = (
			);
			inputPaths = (
			);
			name = "[CP] Check Pods Manifest.lock";
			outputPaths = (
			);
			runOnlyForDeploymentPostprocessing = 0;
			shellPath = /bin/sh;
			shellScript = "diff \"${PODS_ROOT}/../Podfile.lock\" \"${PODS_ROOT}/Manifest.lock\" > /dev/null\nif [ $? != 0 ] ; then\n    # print error to STDERR\n    echo \"error: The sandbox is not in sync with the Podfile.lock. Run 'pod install' or update your CocoaPods installation.\" >&2\n    exit 1\nfi\n";
			showEnvVarsInLog = 0;
		};
		31BAF69DCF668189E9326A6F /* [CP] Copy Pods Resources */ = {
			isa = PBXShellScriptBuildPhase;
			buildActionMask = 2147483647;
			files = (
			);
			inputPaths = (
			);
			name = "[CP] Copy Pods Resources";
			outputPaths = (
			);
			runOnlyForDeploymentPostprocessing = 0;
			shellPath = /bin/sh;
			shellScript = "\"${SRCROOT}/Pods/Target Support Files/Pods-Database/Pods-Database-resources.sh\"\n";
			showEnvVarsInLog = 0;
		};
		8FEA5E96A022AE5B451B9FF9 /* [CP] Embed Pods Frameworks */ = {
			isa = PBXShellScriptBuildPhase;
			buildActionMask = 2147483647;
			files = (
			);
			inputPaths = (
			);
			name = "[CP] Embed Pods Frameworks";
			outputPaths = (
			);
			runOnlyForDeploymentPostprocessing = 0;
			shellPath = /bin/sh;
			shellScript = "\"${SRCROOT}/Pods/Target Support Files/Pods-Database/Pods-Database-frameworks.sh\"\n";
			showEnvVarsInLog = 0;
		};
/* End PBXShellScriptBuildPhase section */

/* Begin PBXSourcesBuildPhase section */
		84EA71551E58C96900ED63A7 /* Sources */ = {
			isa = PBXSourcesBuildPhase;
			buildActionMask = 2147483647;
			files = (
				84DAF8B41E5AEDFB0023ADBF /* ViewController.swift in Sources */,
				84EA715D1E58C96900ED63A7 /* AppDelegate.swift in Sources */,
				84DAF8C01E5AF1020023ADBF /* BirthdayTVC.swift in Sources */,
				84DAF8B81E5AEFD90023ADBF /* LastNameTVC.swift in Sources */,
				84DAF8B11E5AEDF40023ADBF /* FirstNameTVC.swift in Sources */,
				84DAF8BC1E5AF04E0023ADBF /* PatronymicTVC.swift in Sources */,
				84DAF8C41E5AF1B50023ADBF /* GenderTVC.swift in Sources */,
				84DAF8C71E5AF98A0023ADBF /* Constants.swift in Sources */,
				84DAF8CF1E5B0C1C0023ADBF /* ViewControllerProtocol.swift in Sources */,
				84DAF8CD1E5B0BD80023ADBF /* EditViewController.swift in Sources */,
			);
			runOnlyForDeploymentPostprocessing = 0;
		};
/* End PBXSourcesBuildPhase section */

/* Begin PBXVariantGroup section */
		84EA71601E58C96900ED63A7 /* Main.storyboard */ = {
			isa = PBXVariantGroup;
			children = (
				84EA71611E58C96900ED63A7 /* Base */,
			);
			name = Main.storyboard;
			sourceTree = "<group>";
		};
		84EA71651E58C96900ED63A7 /* LaunchScreen.storyboard */ = {
			isa = PBXVariantGroup;
			children = (
				84EA71661E58C96900ED63A7 /* Base */,
			);
			name = LaunchScreen.storyboard;
			sourceTree = "<group>";
		};
/* End PBXVariantGroup section */

/* Begin XCBuildConfiguration section */
		84EA71691E58C96900ED63A7 /* Debug */ = {
			isa = XCBuildConfiguration;
			buildSettings = {
				ALWAYS_SEARCH_USER_PATHS = NO;
				CLANG_ANALYZER_NONNULL = YES;
				CLANG_CXX_LANGUAGE_STANDARD = "gnu++0x";
				CLANG_CXX_LIBRARY = "libc++";
				CLANG_ENABLE_MODULES = YES;
				CLANG_ENABLE_OBJC_ARC = YES;
				CLANG_WARN_BOOL_CONVERSION = YES;
				CLANG_WARN_CONSTANT_CONVERSION = YES;
				CLANG_WARN_DIRECT_OBJC_ISA_USAGE = YES_ERROR;
				CLANG_WARN_DOCUMENTATION_COMMENTS = YES;
				CLANG_WARN_EMPTY_BODY = YES;
				CLANG_WARN_ENUM_CONVERSION = YES;
				CLANG_WARN_INFINITE_RECURSION = YES;
				CLANG_WARN_INT_CONVERSION = YES;
				CLANG_WARN_OBJC_ROOT_CLASS = YES_ERROR;
				CLANG_WARN_SUSPICIOUS_MOVE = YES;
				CLANG_WARN_UNREACHABLE_CODE = YES;
				CLANG_WARN__DUPLICATE_METHOD_MATCH = YES;
				"CODE_SIGN_IDENTITY[sdk=iphoneos*]" = "iPhone Developer";
				COPY_PHASE_STRIP = NO;
				DEBUG_INFORMATION_FORMAT = dwarf;
				ENABLE_STRICT_OBJC_MSGSEND = YES;
				ENABLE_TESTABILITY = YES;
				GCC_C_LANGUAGE_STANDARD = gnu99;
				GCC_DYNAMIC_NO_PIC = NO;
				GCC_NO_COMMON_BLOCKS = YES;
				GCC_OPTIMIZATION_LEVEL = 0;
				GCC_PREPROCESSOR_DEFINITIONS = (
					"DEBUG=1",
					"$(inherited)",
				);
				GCC_WARN_64_TO_32_BIT_CONVERSION = YES;
				GCC_WARN_ABOUT_RETURN_TYPE = YES_ERROR;
				GCC_WARN_UNDECLARED_SELECTOR = YES;
				GCC_WARN_UNINITIALIZED_AUTOS = YES_AGGRESSIVE;
				GCC_WARN_UNUSED_FUNCTION = YES;
				GCC_WARN_UNUSED_VARIABLE = YES;
				IPHONEOS_DEPLOYMENT_TARGET = 8.0;
				MTL_ENABLE_DEBUG_INFO = YES;
				ONLY_ACTIVE_ARCH = YES;
				SDKROOT = iphoneos;
				SWIFT_ACTIVE_COMPILATION_CONDITIONS = DEBUG;
				SWIFT_OPTIMIZATION_LEVEL = "-Onone";
			};
			name = Debug;
		};
		84EA716A1E58C96900ED63A7 /* Release */ = {
			isa = XCBuildConfiguration;
			buildSettings = {
				ALWAYS_SEARCH_USER_PATHS = NO;
				CLANG_ANALYZER_NONNULL = YES;
				CLANG_CXX_LANGUAGE_STANDARD = "gnu++0x";
				CLANG_CXX_LIBRARY = "libc++";
				CLANG_ENABLE_MODULES = YES;
				CLANG_ENABLE_OBJC_ARC = YES;
				CLANG_WARN_BOOL_CONVERSION = YES;
				CLANG_WARN_CONSTANT_CONVERSION = YES;
				CLANG_WARN_DIRECT_OBJC_ISA_USAGE = YES_ERROR;
				CLANG_WARN_DOCUMENTATION_COMMENTS = YES;
				CLANG_WARN_EMPTY_BODY = YES;
				CLANG_WARN_ENUM_CONVERSION = YES;
				CLANG_WARN_INFINITE_RECURSION = YES;
				CLANG_WARN_INT_CONVERSION = YES;
				CLANG_WARN_OBJC_ROOT_CLASS = YES_ERROR;
				CLANG_WARN_SUSPICIOUS_MOVE = YES;
				CLANG_WARN_UNREACHABLE_CODE = YES;
				CLANG_WARN__DUPLICATE_METHOD_MATCH = YES;
				"CODE_SIGN_IDENTITY[sdk=iphoneos*]" = "iPhone Developer";
				COPY_PHASE_STRIP = NO;
				DEBUG_INFORMATION_FORMAT = "dwarf-with-dsym";
				ENABLE_NS_ASSERTIONS = NO;
				ENABLE_STRICT_OBJC_MSGSEND = YES;
				GCC_C_LANGUAGE_STANDARD = gnu99;
				GCC_NO_COMMON_BLOCKS = YES;
				GCC_WARN_64_TO_32_BIT_CONVERSION = YES;
				GCC_WARN_ABOUT_RETURN_TYPE = YES_ERROR;
				GCC_WARN_UNDECLARED_SELECTOR = YES;
				GCC_WARN_UNINITIALIZED_AUTOS = YES_AGGRESSIVE;
				GCC_WARN_UNUSED_FUNCTION = YES;
				GCC_WARN_UNUSED_VARIABLE = YES;
				IPHONEOS_DEPLOYMENT_TARGET = 8.0;
				MTL_ENABLE_DEBUG_INFO = NO;
				SDKROOT = iphoneos;
				SWIFT_OPTIMIZATION_LEVEL = "-Owholemodule";
				VALIDATE_PRODUCT = YES;
			};
			name = Release;
		};
		84EA716C1E58C96900ED63A7 /* Debug */ = {
			isa = XCBuildConfiguration;
			baseConfigurationReference = 5A743A217325EBC0CDA20881 /* Pods-Database.debug.xcconfig */;
			buildSettings = {
				ALWAYS_EMBED_SWIFT_STANDARD_LIBRARIES = YES;
				ASSETCATALOG_COMPILER_APPICON_NAME = AppIcon;
				DEVELOPMENT_TEAM = R587H6JBHE;
				INFOPLIST_FILE = Database/Info.plist;
				IPHONEOS_DEPLOYMENT_TARGET = 8.0;
				LD_RUNPATH_SEARCH_PATHS = "$(inherited) @executable_path/Frameworks";
				PRODUCT_BUNDLE_IDENTIFIER = com.samsonovpavel.growapp.Database;
				PRODUCT_NAME = "$(TARGET_NAME)";
				SWIFT_VERSION = 3.0;
			};
			name = Debug;
		};
		84EA716D1E58C96900ED63A7 /* Release */ = {
			isa = XCBuildConfiguration;
			baseConfigurationReference = 0834F3E75E160664CC9FCAB2 /* Pods-Database.release.xcconfig */;
			buildSettings = {
				ALWAYS_EMBED_SWIFT_STANDARD_LIBRARIES = YES;
				ASSETCATALOG_COMPILER_APPICON_NAME = AppIcon;
				DEVELOPMENT_TEAM = R587H6JBHE;
				INFOPLIST_FILE = Database/Info.plist;
				IPHONEOS_DEPLOYMENT_TARGET = 8.0;
				LD_RUNPATH_SEARCH_PATHS = "$(inherited) @executable_path/Frameworks";
				PRODUCT_BUNDLE_IDENTIFIER = com.samsonovpavel.growapp.Database;
				PRODUCT_NAME = "$(TARGET_NAME)";
				SWIFT_VERSION = 3.0;
			};
			name = Release;
		};
/* End XCBuildConfiguration section */

/* Begin XCConfigurationList section */
		84EA71541E58C96900ED63A7 /* Build configuration list for PBXProject "Database" */ = {
			isa = XCConfigurationList;
			buildConfigurations = (
				84EA71691E58C96900ED63A7 /* Debug */,
				84EA716A1E58C96900ED63A7 /* Release */,
			);
			defaultConfigurationIsVisible = 0;
			defaultConfigurationName = Release;
		};
		84EA716B1E58C96900ED63A7 /* Build configuration list for PBXNativeTarget "Database" */ = {
			isa = XCConfigurationList;
			buildConfigurations = (
				84EA716C1E58C96900ED63A7 /* Debug */,
				84EA716D1E58C96900ED63A7 /* Release */,
			);
			defaultConfigurationIsVisible = 0;
			defaultConfigurationName = Release;
		};
/* End XCConfigurationList section */
	};
	rootObject = 84EA71511E58C96900ED63A7 /* Project object */;
}
